
Microsoft Visual Studio Solution File, Format Version 11.00
# Visual Studio 2010
Project("{F184B08F-C81C-45F6-A57F-5ABD9991F28F}") = "SSC Attendance DTR", "SSC Attendance DTR\SSC Attendance DTR.vbproj", "{5937A35D-1CC9-4281-9E90-E4F42D8099F1}"
EndProject
Project("{54435603-DBB4-11D2-8724-00A0C9A8B90C}") = "SSC DTR", "SSC DTR\SSC DTR.vdproj", "{58848B1F-9DF4-43B9-BEB4-6F51B5EE079A}"
EndProject
Global
	GlobalSection(SolutionConfigurationPlatforms) = preSolution
		Debug|x86 = Debug|x86
		Release|x86 = Release|x86
	EndGlobalSection
	GlobalSection(ProjectConfigurationPlatforms) = postSolution
		{5937A35D-1CC9-4281-9E90-E4F42D8099F1}.Debug|x86.ActiveCfg = Debug|x86
		{5937A35D-1CC9-4281-9E90-E4F42D8099F1}.Debug|x86.Build.0 = Debug|x86
		{5937A35D-1CC9-4281-9E90-E4F42D8099F1}.Release|x86.ActiveCfg = Release|x86
		{5937A35D-1CC9-4281-9E90-E4F42D8099F1}.Release|x86.Build.0 = Release|x86
		{58848B1F-9DF4-43B9-BEB4-6F51B5EE079A}.Debug|x86.ActiveCfg = Debug
		{58848B1F-9DF4-43B9-BEB4-6F51B5EE079A}.Release|x86.ActiveCfg = Release
	EndGlobalSection
	GlobalSection(SolutionProperties) = preSolution
		HideSolutionNode = FALSE
	EndGlobalSection
EndGlobal
